// !$*UTF8*$!
{
	archiveVersion = 1;
	classes = {
	};
	objectVersion = 56;
	objects = {

/* Begin PBXBuildFile section */
		292F40812A83A748003F3A7F /* AppDelegate.swift in Sources */ = {isa = PBXBuildFile; fileRef = 292F40802A83A748003F3A7F /* AppDelegate.swift */; };
		292F408A2A83A749003F3A7F /* Assets.xcassets in Resources */ = {isa = PBXBuildFile; fileRef = 292F40892A83A749003F3A7F /* Assets.xcassets */; };
		292F408D2A83A749003F3A7F /* LaunchScreen.storyboard in Resources */ = {isa = PBXBuildFile; fileRef = 292F408B2A83A749003F3A7F /* LaunchScreen.storyboard */; };
		292F409C2A83A7CA003F3A7F /* FriendListViewController.swift in Sources */ = {isa = PBXBuildFile; fileRef = 292F409A2A83A7CA003F3A7F /* FriendListViewController.swift */; };
		292F409D2A83A7CA003F3A7F /* FriendListViewController.xib in Resources */ = {isa = PBXBuildFile; fileRef = 292F409B2A83A7CA003F3A7F /* FriendListViewController.xib */; };
		292F40A12A83A804003F3A7F /* LoginViewController.swift in Sources */ = {isa = PBXBuildFile; fileRef = 292F409F2A83A804003F3A7F /* LoginViewController.swift */; };
		292F40A22A83A804003F3A7F /* LoginViewController.xib in Resources */ = {isa = PBXBuildFile; fileRef = 292F40A02A83A804003F3A7F /* LoginViewController.xib */; };
		292F40A62A83A8B9003F3A7F /* NavigationManager.swift in Sources */ = {isa = PBXBuildFile; fileRef = 292F40A52A83A8B9003F3A7F /* NavigationManager.swift */; };
		292F40A92A83B02B003F3A7F /* InputTextFieldView.xib in Resources */ = {isa = PBXBuildFile; fileRef = 292F40A82A83B02B003F3A7F /* InputTextFieldView.xib */; };
		292F40AB2A83B036003F3A7F /* InputTextFieldView.swift in Sources */ = {isa = PBXBuildFile; fileRef = 292F40AA2A83B036003F3A7F /* InputTextFieldView.swift */; };
		292F40AD2A83B058003F3A7F /* InputTextFieldViewViewModel.swift in Sources */ = {isa = PBXBuildFile; fileRef = 292F40AC2A83B058003F3A7F /* InputTextFieldViewViewModel.swift */; };
		292F40AF2A83BBA8003F3A7F /* LoginViewModel.swift in Sources */ = {isa = PBXBuildFile; fileRef = 292F40AE2A83BBA8003F3A7F /* LoginViewModel.swift */; };
		292F40B12A83BCC5003F3A7F /* UIView+Ext.swift in Sources */ = {isa = PBXBuildFile; fileRef = 292F40B02A83BCC5003F3A7F /* UIView+Ext.swift */; };
		292F40B82A83C296003F3A7F /* FriendListTableCell.swift in Sources */ = {isa = PBXBuildFile; fileRef = 292F40B62A83C296003F3A7F /* FriendListTableCell.swift */; };
		292F40B92A83C296003F3A7F /* FriendListTableCell.xib in Resources */ = {isa = PBXBuildFile; fileRef = 292F40B72A83C296003F3A7F /* FriendListTableCell.xib */; };
		292F40BB2A83C313003F3A7F /* FriendListViewModel.swift in Sources */ = {isa = PBXBuildFile; fileRef = 292F40BA2A83C313003F3A7F /* FriendListViewModel.swift */; };
		292F40BD2A83C335003F3A7F /* FriendViewModel.swift in Sources */ = {isa = PBXBuildFile; fileRef = 292F40BC2A83C335003F3A7F /* FriendViewModel.swift */; };
		292F40C02A83C88E003F3A7F /* FriendHeaderView.xib in Resources */ = {isa = PBXBuildFile; fileRef = 292F40BF2A83C88E003F3A7F /* FriendHeaderView.xib */; };
		292F40C22A83C89D003F3A7F /* FriendHeaderView.swift in Sources */ = {isa = PBXBuildFile; fileRef = 292F40C12A83C89D003F3A7F /* FriendHeaderView.swift */; };
		292F40C62A83C9EF003F3A7F /* UserResponse.swift in Sources */ = {isa = PBXBuildFile; fileRef = 292F40C52A83C9EF003F3A7F /* UserResponse.swift */; };
		292F40CD2A83DDEC003F3A7F /* UIAlertController+Ext.swift in Sources */ = {isa = PBXBuildFile; fileRef = 292F40CC2A83DDEC003F3A7F /* UIAlertController+Ext.swift */; };
/* End PBXBuildFile section */

/* Begin PBXFileReference section */
		292F407D2A83A748003F3A7F /* FacebookFriends.app */ = {isa = PBXFileReference; explicitFileType = wrapper.application; includeInIndex = 0; path = FacebookFriends.app; sourceTree = BUILT_PRODUCTS_DIR; };
		292F40802A83A748003F3A7F /* AppDelegate.swift */ = {isa = PBXFileReference; lastKnownFileType = sourcecode.swift; path = AppDelegate.swift; sourceTree = "<group>"; };
		292F40892A83A749003F3A7F /* Assets.xcassets */ = {isa = PBXFileReference; lastKnownFileType = folder.assetcatalog; path = Assets.xcassets; sourceTree = "<group>"; };
		292F408C2A83A749003F3A7F /* Base */ = {isa = PBXFileReference; lastKnownFileType = file.storyboard; name = Base; path = Base.lproj/LaunchScreen.storyboard; sourceTree = "<group>"; };
		292F408E2A83A749003F3A7F /* Info.plist */ = {isa = PBXFileReference; lastKnownFileType = text.plist.xml; path = Info.plist; sourceTree = "<group>"; };
		292F409A2A83A7CA003F3A7F /* FriendListViewController.swift */ = {isa = PBXFileReference; lastKnownFileType = sourcecode.swift; path = FriendListViewController.swift; sourceTree = "<group>"; };
		292F409B2A83A7CA003F3A7F /* FriendListViewController.xib */ = {isa = PBXFileReference; lastKnownFileType = file.xib; path = FriendListViewController.xib; sourceTree = "<group>"; };
		292F409F2A83A804003F3A7F /* LoginViewController.swift */ = {isa = PBXFileReference; lastKnownFileType = sourcecode.swift; path = LoginViewController.swift; sourceTree = "<group>"; };
		292F40A02A83A804003F3A7F /* LoginViewController.xib */ = {isa = PBXFileReference; lastKnownFileType = file.xib; path = LoginViewController.xib; sourceTree = "<group>"; };
		292F40A52A83A8B9003F3A7F /* NavigationManager.swift */ = {isa = PBXFileReference; lastKnownFileType = sourcecode.swift; path = NavigationManager.swift; sourceTree = "<group>"; };
		292F40A82A83B02B003F3A7F /* InputTextFieldView.xib */ = {isa = PBXFileReference; lastKnownFileType = file.xib; path = InputTextFieldView.xib; sourceTree = "<group>"; };
		292F40AA2A83B036003F3A7F /* InputTextFieldView.swift */ = {isa = PBXFileReference; lastKnownFileType = sourcecode.swift; path = InputTextFieldView.swift; sourceTree = "<group>"; };
		292F40AC2A83B058003F3A7F /* InputTextFieldViewViewModel.swift */ = {isa = PBXFileReference; lastKnownFileType = sourcecode.swift; path = InputTextFieldViewViewModel.swift; sourceTree = "<group>"; };
		292F40AE2A83BBA8003F3A7F /* LoginViewModel.swift */ = {isa = PBXFileReference; lastKnownFileType = sourcecode.swift; path = LoginViewModel.swift; sourceTree = "<group>"; };
		292F40B02A83BCC5003F3A7F /* UIView+Ext.swift */ = {isa = PBXFileReference; lastKnownFileType = sourcecode.swift; path = "UIView+Ext.swift"; sourceTree = "<group>"; };
		292F40B62A83C296003F3A7F /* FriendListTableCell.swift */ = {isa = PBXFileReference; lastKnownFileType = sourcecode.swift; path = FriendListTableCell.swift; sourceTree = "<group>"; };
		292F40B72A83C296003F3A7F /* FriendListTableCell.xib */ = {isa = PBXFileReference; lastKnownFileType = file.xib; path = FriendListTableCell.xib; sourceTree = "<group>"; };
		292F40BA2A83C313003F3A7F /* FriendListViewModel.swift */ = {isa = PBXFileReference; lastKnownFileType = sourcecode.swift; path = FriendListViewModel.swift; sourceTree = "<group>"; };
		292F40BC2A83C335003F3A7F /* FriendViewModel.swift */ = {isa = PBXFileReference; lastKnownFileType = sourcecode.swift; path = FriendViewModel.swift; sourceTree = "<group>"; };
		292F40BF2A83C88E003F3A7F /* FriendHeaderView.xib */ = {isa = PBXFileReference; lastKnownFileType = file.xib; path = FriendHeaderView.xib; sourceTree = "<group>"; };
		292F40C12A83C89D003F3A7F /* FriendHeaderView.swift */ = {isa = PBXFileReference; lastKnownFileType = sourcecode.swift; path = FriendHeaderView.swift; sourceTree = "<group>"; };
		292F40C52A83C9EF003F3A7F /* UserResponse.swift */ = {isa = PBXFileReference; lastKnownFileType = sourcecode.swift; path = UserResponse.swift; sourceTree = "<group>"; };
		292F40CC2A83DDEC003F3A7F /* UIAlertController+Ext.swift */ = {isa = PBXFileReference; lastKnownFileType = sourcecode.swift; path = "UIAlertController+Ext.swift"; sourceTree = "<group>"; };
/* End PBXFileReference section */

/* Begin PBXFrameworksBuildPhase section */
		292F407A2A83A748003F3A7F /* Frameworks */ = {
			isa = PBXFrameworksBuildPhase;
			buildActionMask = 2147483647;
			files = (
			);
			runOnlyForDeploymentPostprocessing = 0;
		};
/* End PBXFrameworksBuildPhase section */

/* Begin PBXGroup section */
		292F40742A83A748003F3A7F = {
			isa = PBXGroup;
			children = (
				292F407F2A83A748003F3A7F /* FacebookFriends */,
				292F407E2A83A748003F3A7F /* Products */,
			);
			sourceTree = "<group>";
		};
		292F407E2A83A748003F3A7F /* Products */ = {
			isa = PBXGroup;
			children = (
				292F407D2A83A748003F3A7F /* FacebookFriends.app */,
			);
			name = Products;
			sourceTree = "<group>";
		};
		292F407F2A83A748003F3A7F /* FacebookFriends */ = {
			isa = PBXGroup;
			children = (
				292F408E2A83A749003F3A7F /* Info.plist */,
				292F40962A83A76B003F3A7F /* APP */,
				292F40C32A83C9D5003F3A7F /* Core */,
				292F40972A83A772003F3A7F /* Extensions */,
				292F40A42A83A8A5003F3A7F /* Managers */,
				292F40982A83A77B003F3A7F /* Resources */,
				292F40C72A83CE93003F3A7F /* Models */,
				292F40942A83A760003F3A7F /* Screens */,
				292F40952A83A764003F3A7F /* UI Components */,
			);
			path = FacebookFriends;
			sourceTree = "<group>";
		};
		292F40942A83A760003F3A7F /* Screens */ = {
			isa = PBXGroup;
			children = (
				292F409E2A83A7F0003F3A7F /* Login */,
				292F40992A83A7BA003F3A7F /* FriendList */,
			);
			path = Screens;
			sourceTree = "<group>";
		};
		292F40952A83A764003F3A7F /* UI Components */ = {
			isa = PBXGroup;
			children = (
				292F40B42A83C26D003F3A7F /* TableCells */,
				292F40A32A83A872003F3A7F /* CustomViews */,
			);
			path = "UI Components";
			sourceTree = "<group>";
		};
		292F40962A83A76B003F3A7F /* APP */ = {
			isa = PBXGroup;
			children = (
				292F40802A83A748003F3A7F /* AppDelegate.swift */,
			);
			path = APP;
			sourceTree = "<group>";
		};
		292F40972A83A772003F3A7F /* Extensions */ = {
			isa = PBXGroup;
			children = (
				292F40B02A83BCC5003F3A7F /* UIView+Ext.swift */,
				292F40CC2A83DDEC003F3A7F /* UIAlertController+Ext.swift */,
			);
			path = Extensions;
			sourceTree = "<group>";
		};
		292F40982A83A77B003F3A7F /* Resources */ = {
			isa = PBXGroup;
			children = (
				292F40892A83A749003F3A7F /* Assets.xcassets */,
				292F408B2A83A749003F3A7F /* LaunchScreen.storyboard */,
			);
			path = Resources;
			sourceTree = "<group>";
		};
		292F40992A83A7BA003F3A7F /* FriendList */ = {
			isa = PBXGroup;
			children = (
				292F409A2A83A7CA003F3A7F /* FriendListViewController.swift */,
				292F409B2A83A7CA003F3A7F /* FriendListViewController.xib */,
				292F40BA2A83C313003F3A7F /* FriendListViewModel.swift */,
			);
			path = FriendList;
			sourceTree = "<group>";
		};
		292F409E2A83A7F0003F3A7F /* Login */ = {
			isa = PBXGroup;
			children = (
				292F409F2A83A804003F3A7F /* LoginViewController.swift */,
				292F40A02A83A804003F3A7F /* LoginViewController.xib */,
				292F40AE2A83BBA8003F3A7F /* LoginViewModel.swift */,
			);
			path = Login;
			sourceTree = "<group>";
		};
		292F40A32A83A872003F3A7F /* CustomViews */ = {
			isa = PBXGroup;
			children = (
				292F40BE2A83C866003F3A7F /* FriendHeaderView */,
				292F40A72A83AFF8003F3A7F /* InputTextFieldView */,
			);
			path = CustomViews;
			sourceTree = "<group>";
		};
		292F40A42A83A8A5003F3A7F /* Managers */ = {
			isa = PBXGroup;
			children = (
				292F40A52A83A8B9003F3A7F /* NavigationManager.swift */,
			);
			path = Managers;
			sourceTree = "<group>";
		};
		292F40A72A83AFF8003F3A7F /* InputTextFieldView */ = {
			isa = PBXGroup;
			children = (
				292F40AA2A83B036003F3A7F /* InputTextFieldView.swift */,
				292F40A82A83B02B003F3A7F /* InputTextFieldView.xib */,
				292F40AC2A83B058003F3A7F /* InputTextFieldViewViewModel.swift */,
			);
			path = InputTextFieldView;
			sourceTree = "<group>";
		};
		292F40B42A83C26D003F3A7F /* TableCells */ = {
			isa = PBXGroup;
			children = (
				292F40B52A83C277003F3A7F /* FriendListCell */,
			);
			path = TableCells;
			sourceTree = "<group>";
		};
		292F40B52A83C277003F3A7F /* FriendListCell */ = {
			isa = PBXGroup;
			children = (
				292F40B62A83C296003F3A7F /* FriendListTableCell.swift */,
				292F40B72A83C296003F3A7F /* FriendListTableCell.xib */,
			);
			path = FriendListCell;
			sourceTree = "<group>";
		};
		292F40BE2A83C866003F3A7F /* FriendHeaderView */ = {
			isa = PBXGroup;
			children = (
				292F40BF2A83C88E003F3A7F /* FriendHeaderView.xib */,
				292F40C12A83C89D003F3A7F /* FriendHeaderView.swift */,
			);
			path = FriendHeaderView;
			sourceTree = "<group>";
		};
		292F40C32A83C9D5003F3A7F /* Core */ = {
			isa = PBXGroup;
			children = (
				292F40C42A83C9DF003F3A7F /* Model */,
			);
			path = Core;
			sourceTree = "<group>";
		};
		292F40C42A83C9DF003F3A7F /* Model */ = {
			isa = PBXGroup;
			children = (
				292F40C52A83C9EF003F3A7F /* UserResponse.swift */,
			);
			path = Model;
			sourceTree = "<group>";
		};
		292F40C72A83CE93003F3A7F /* Models */ = {
			isa = PBXGroup;
			children = (
				292F40BC2A83C335003F3A7F /* FriendViewModel.swift */,
			);
			path = Models;
			sourceTree = "<group>";
		};
/* End PBXGroup section */

/* Begin PBXNativeTarget section */
		292F407C2A83A748003F3A7F /* FacebookFriends */ = {
			isa = PBXNativeTarget;
			buildConfigurationList = 292F40912A83A749003F3A7F /* Build configuration list for PBXNativeTarget "FacebookFriends" */;
			buildPhases = (
				292F40792A83A748003F3A7F /* Sources */,
				292F407A2A83A748003F3A7F /* Frameworks */,
				292F407B2A83A748003F3A7F /* Resources */,
			);
			buildRules = (
			);
			dependencies = (
			);
			name = FacebookFriends;
			productName = FacebookFriends;
			productReference = 292F407D2A83A748003F3A7F /* FacebookFriends.app */;
			productType = "com.apple.product-type.application";
		};
/* End PBXNativeTarget section */

/* Begin PBXProject section */
		292F40752A83A748003F3A7F /* Project object */ = {
			isa = PBXProject;
			attributes = {
				BuildIndependentTargetsInParallel = 1;
				LastSwiftUpdateCheck = 1430;
				LastUpgradeCheck = 1430;
				TargetAttributes = {
					292F407C2A83A748003F3A7F = {
						CreatedOnToolsVersion = 14.3.1;
					};
				};
			};
			buildConfigurationList = 292F40782A83A748003F3A7F /* Build configuration list for PBXProject "FacebookFriends" */;
			compatibilityVersion = "Xcode 14.0";
			developmentRegion = en;
			hasScannedForEncodings = 0;
			knownRegions = (
				en,
				Base,
			);
			mainGroup = 292F40742A83A748003F3A7F;
			productRefGroup = 292F407E2A83A748003F3A7F /* Products */;
			projectDirPath = "";
			projectRoot = "";
			targets = (
				292F407C2A83A748003F3A7F /* FacebookFriends */,
			);
		};
/* End PBXProject section */

/* Begin PBXResourcesBuildPhase section */
		292F407B2A83A748003F3A7F /* Resources */ = {
			isa = PBXResourcesBuildPhase;
			buildActionMask = 2147483647;
			files = (
				292F40B92A83C296003F3A7F /* FriendListTableCell.xib in Resources */,
				292F40A22A83A804003F3A7F /* LoginViewController.xib in Resources */,
				292F408D2A83A749003F3A7F /* LaunchScreen.storyboard in Resources */,
				292F40C02A83C88E003F3A7F /* FriendHeaderView.xib in Resources */,
				292F408A2A83A749003F3A7F /* Assets.xcassets in Resources */,
				292F409D2A83A7CA003F3A7F /* FriendListViewController.xib in Resources */,
				292F40A92A83B02B003F3A7F /* InputTextFieldView.xib in Resources */,
			);
			runOnlyForDeploymentPostprocessing = 0;
		};
/* End PBXResourcesBuildPhase section */

/* Begin PBXSourcesBuildPhase section */
		292F40792A83A748003F3A7F /* Sources */ = {
			isa = PBXSourcesBuildPhase;
			buildActionMask = 2147483647;
			files = (
				292F40B12A83BCC5003F3A7F /* UIView+Ext.swift in Sources */,
				292F40BD2A83C335003F3A7F /* FriendViewModel.swift in Sources */,
				292F40A12A83A804003F3A7F /* LoginViewController.swift in Sources */,
				292F40B82A83C296003F3A7F /* FriendListTableCell.swift in Sources */,
				292F40A62A83A8B9003F3A7F /* NavigationManager.swift in Sources */,
				292F40C22A83C89D003F3A7F /* FriendHeaderView.swift in Sources */,
				292F40BB2A83C313003F3A7F /* FriendListViewModel.swift in Sources */,
				292F40AB2A83B036003F3A7F /* InputTextFieldView.swift in Sources */,
				292F40CD2A83DDEC003F3A7F /* UIAlertController+Ext.swift in Sources */,
				292F409C2A83A7CA003F3A7F /* FriendListViewController.swift in Sources */,
				292F40AD2A83B058003F3A7F /* InputTextFieldViewViewModel.swift in Sources */,
				292F40812A83A748003F3A7F /* AppDelegate.swift in Sources */,
				292F40C62A83C9EF003F3A7F /* UserResponse.swift in Sources */,
				292F40AF2A83BBA8003F3A7F /* LoginViewModel.swift in Sources */,
			);
			runOnlyForDeploymentPostprocessing = 0;
		};
/* End PBXSourcesBuildPhase section */

/* Begin PBXVariantGroup section */
		292F408B2A83A749003F3A7F /* LaunchScreen.storyboard */ = {
			isa = PBXVariantGroup;
			children = (
				292F408C2A83A749003F3A7F /* Base */,
			);
			name = LaunchScreen.storyboard;
			sourceTree = "<group>";
		};
/* End PBXVariantGroup section */

/* Begin XCBuildConfiguration section */
		292F408F2A83A749003F3A7F /* Debug */ = {
			isa = XCBuildConfiguration;
			buildSettings = {
				ALWAYS_SEARCH_USER_PATHS = NO;
				CLANG_ANALYZER_NONNULL = YES;
				CLANG_ANALYZER_NUMBER_OBJECT_CONVERSION = YES_AGGRESSIVE;
				CLANG_CXX_LANGUAGE_STANDARD = "gnu++20";
				CLANG_ENABLE_MODULES = YES;
				CLANG_ENABLE_OBJC_ARC = YES;
				CLANG_ENABLE_OBJC_WEAK = YES;
				CLANG_WARN_BLOCK_CAPTURE_AUTORELEASING = YES;
				CLANG_WARN_BOOL_CONVERSION = YES;
				CLANG_WARN_COMMA = YES;
				CLANG_WARN_CONSTANT_CONVERSION = YES;
				CLANG_WARN_DEPRECATED_OBJC_IMPLEMENTATIONS = YES;
				CLANG_WARN_DIRECT_OBJC_ISA_USAGE = YES_ERROR;
				CLANG_WARN_DOCUMENTATION_COMMENTS = YES;
				CLANG_WARN_EMPTY_BODY = YES;
				CLANG_WARN_ENUM_CONVERSION = YES;
				CLANG_WARN_INFINITE_RECURSION = YES;
				CLANG_WARN_INT_CONVERSION = YES;
				CLANG_WARN_NON_LITERAL_NULL_CONVERSION = YES;
				CLANG_WARN_OBJC_IMPLICIT_RETAIN_SELF = YES;
				CLANG_WARN_OBJC_LITERAL_CONVERSION = YES;
				CLANG_WARN_OBJC_ROOT_CLASS = YES_ERROR;
				CLANG_WARN_QUOTED_INCLUDE_IN_FRAMEWORK_HEADER = YES;
				CLANG_WARN_RANGE_LOOP_ANALYSIS = YES;
				CLANG_WARN_STRICT_PROTOTYPES = YES;
				CLANG_WARN_SUSPICIOUS_MOVE = YES;
				CLANG_WARN_UNGUARDED_AVAILABILITY = YES_AGGRESSIVE;
				CLANG_WARN_UNREACHABLE_CODE = YES;
				CLANG_WARN__DUPLICATE_METHOD_MATCH = YES;
				COPY_PHASE_STRIP = NO;
				DEBUG_INFORMATION_FORMAT = dwarf;
				ENABLE_STRICT_OBJC_MSGSEND = YES;
				ENABLE_TESTABILITY = YES;
				GCC_C_LANGUAGE_STANDARD = gnu11;
				GCC_DYNAMIC_NO_PIC = NO;
				GCC_NO_COMMON_BLOCKS = YES;
				GCC_OPTIMIZATION_LEVEL = 0;
				GCC_PREPROCESSOR_DEFINITIONS = (
					"DEBUG=1",
					"$(inherited)",
				);
				GCC_WARN_64_TO_32_BIT_CONVERSION = YES;
				GCC_WARN_ABOUT_RETURN_TYPE = YES_ERROR;
				GCC_WARN_UNDECLARED_SELECTOR = YES;
				GCC_WARN_UNINITIALIZED_AUTOS = YES_AGGRESSIVE;
				GCC_WARN_UNUSED_FUNCTION = YES;
				GCC_WARN_UNUSED_VARIABLE = YES;
				IPHONEOS_DEPLOYMENT_TARGET = 16.4;
				MTL_ENABLE_DEBUG_INFO = INCLUDE_SOURCE;
				MTL_FAST_MATH = YES;
				ONLY_ACTIVE_ARCH = YES;
				SDKROOT = iphoneos;
				SWIFT_ACTIVE_COMPILATION_CONDITIONS = DEBUG;
				SWIFT_OPTIMIZATION_LEVEL = "-Onone";
			};
			name = Debug;
		};
		292F40902A83A749003F3A7F /* Release */ = {
			isa = XCBuildConfiguration;
			buildSettings = {
				ALWAYS_SEARCH_USER_PATHS = NO;
				CLANG_ANALYZER_NONNULL = YES;
				CLANG_ANALYZER_NUMBER_OBJECT_CONVERSION = YES_AGGRESSIVE;
				CLANG_CXX_LANGUAGE_STANDARD = "gnu++20";
				CLANG_ENABLE_MODULES = YES;
				CLANG_ENABLE_OBJC_ARC = YES;
				CLANG_ENABLE_OBJC_WEAK = YES;
				CLANG_WARN_BLOCK_CAPTURE_AUTORELEASING = YES;
				CLANG_WARN_BOOL_CONVERSION = YES;
				CLANG_WARN_COMMA = YES;
				CLANG_WARN_CONSTANT_CONVERSION = YES;
				CLANG_WARN_DEPRECATED_OBJC_IMPLEMENTATIONS = YES;
				CLANG_WARN_DIRECT_OBJC_ISA_USAGE = YES_ERROR;
				CLANG_WARN_DOCUMENTATION_COMMENTS = YES;
				CLANG_WARN_EMPTY_BODY = YES;
				CLANG_WARN_ENUM_CONVERSION = YES;
				CLANG_WARN_INFINITE_RECURSION = YES;
				CLANG_WARN_INT_CONVERSION = YES;
				CLANG_WARN_NON_LITERAL_NULL_CONVERSION = YES;
				CLANG_WARN_OBJC_IMPLICIT_RETAIN_SELF = YES;
				CLANG_WARN_OBJC_LITERAL_CONVERSION = YES;
				CLANG_WARN_OBJC_ROOT_CLASS = YES_ERROR;
				CLANG_WARN_QUOTED_INCLUDE_IN_FRAMEWORK_HEADER = YES;
				CLANG_WARN_RANGE_LOOP_ANALYSIS = YES;
				CLANG_WARN_STRICT_PROTOTYPES = YES;
				CLANG_WARN_SUSPICIOUS_MOVE = YES;
				CLANG_WARN_UNGUARDED_AVAILABILITY = YES_AGGRESSIVE;
				CLANG_WARN_UNREACHABLE_CODE = YES;
				CLANG_WARN__DUPLICATE_METHOD_MATCH = YES;
				COPY_PHASE_STRIP = NO;
				DEBUG_INFORMATION_FORMAT = "dwarf-with-dsym";
				ENABLE_NS_ASSERTIONS = NO;
				ENABLE_STRICT_OBJC_MSGSEND = YES;
				GCC_C_LANGUAGE_STANDARD = gnu11;
				GCC_NO_COMMON_BLOCKS = YES;
				GCC_WARN_64_TO_32_BIT_CONVERSION = YES;
				GCC_WARN_ABOUT_RETURN_TYPE = YES_ERROR;
				GCC_WARN_UNDECLARED_SELECTOR = YES;
				GCC_WARN_UNINITIALIZED_AUTOS = YES_AGGRESSIVE;
				GCC_WARN_UNUSED_FUNCTION = YES;
				GCC_WARN_UNUSED_VARIABLE = YES;
				IPHONEOS_DEPLOYMENT_TARGET = 16.4;
				MTL_ENABLE_DEBUG_INFO = NO;
				MTL_FAST_MATH = YES;
				SDKROOT = iphoneos;
				SWIFT_COMPILATION_MODE = wholemodule;
				SWIFT_OPTIMIZATION_LEVEL = "-O";
				VALIDATE_PRODUCT = YES;
			};
			name = Release;
		};
		292F40922A83A749003F3A7F /* Debug */ = {
			isa = XCBuildConfiguration;
			buildSettings = {
				ASSETCATALOG_COMPILER_APPICON_NAME = AppIcon;
				ASSETCATALOG_COMPILER_GLOBAL_ACCENT_COLOR_NAME = AccentColor;
				CODE_SIGN_STYLE = Automatic;
				CURRENT_PROJECT_VERSION = 1;
				DEVELOPMENT_TEAM = XV7TT5DZBM;
				GENERATE_INFOPLIST_FILE = YES;
				INFOPLIST_FILE = FacebookFriends/Info.plist;
				INFOPLIST_KEY_UIApplicationSupportsIndirectInputEvents = YES;
				INFOPLIST_KEY_UILaunchStoryboardName = LaunchScreen;
				INFOPLIST_KEY_UISupportedInterfaceOrientations = UIInterfaceOrientationPortrait;
				INFOPLIST_KEY_UISupportedInterfaceOrientations_iPad = "UIInterfaceOrientationLandscapeLeft UIInterfaceOrientationLandscapeRight UIInterfaceOrientationPortrait UIInterfaceOrientationPortraitUpsideDown";
				IPHONEOS_DEPLOYMENT_TARGET = 13.0;
				LD_RUNPATH_SEARCH_PATHS = (
					"$(inherited)",
					"@executable_path/Frameworks",
				);
				MARKETING_VERSION = 1.0;
				PRODUCT_BUNDLE_IDENTIFIER = com.muratcanaslan.FacebookFriends;
				PRODUCT_NAME = "$(TARGET_NAME)";
				SUPPORTED_PLATFORMS = "iphoneos iphonesimulator";
				SUPPORTS_MACCATALYST = NO;
				SUPPORTS_MAC_DESIGNED_FOR_IPHONE_IPAD = NO;
				SWIFT_EMIT_LOC_STRINGS = YES;
				SWIFT_VERSION = 5.0;
				TARGETED_DEVICE_FAMILY = 1;
			};
			name = Debug;
		};
		292F40932A83A749003F3A7F /* Release */ = {
			isa = XCBuildConfiguration;
			buildSettings = {
				ASSETCATALOG_COMPILER_APPICON_NAME = AppIcon;
				ASSETCATALOG_COMPILER_GLOBAL_ACCENT_COLOR_NAME = AccentColor;
				CODE_SIGN_STYLE = Automatic;
				CURRENT_PROJECT_VERSION = 1;
				DEVELOPMENT_TEAM = XV7TT5DZBM;
				GENERATE_INFOPLIST_FILE = YES;
				INFOPLIST_FILE = FacebookFriends/Info.plist;
				INFOPLIST_KEY_UIApplicationSupportsIndirectInputEvents = YES;
				INFOPLIST_KEY_UILaunchStoryboardName = LaunchScreen;
				INFOPLIST_KEY_UISupportedInterfaceOrientations = UIInterfaceOrientationPortrait;
				INFOPLIST_KEY_UISupportedInterfaceOrientations_iPad = "UIInterfaceOrientationLandscapeLeft UIInterfaceOrientationLandscapeRight UIInterfaceOrientationPortrait UIInterfaceOrientationPortraitUpsideDown";
				IPHONEOS_DEPLOYMENT_TARGET = 13.0;
				LD_RUNPATH_SEARCH_PATHS = (
					"$(inherited)",
					"@executable_path/Frameworks",
				);
				MARKETING_VERSION = 1.0;
				PRODUCT_BUNDLE_IDENTIFIER = com.muratcanaslan.FacebookFriends;
				PRODUCT_NAME = "$(TARGET_NAME)";
				SUPPORTED_PLATFORMS = "iphoneos iphonesimulator";
				SUPPORTS_MACCATALYST = NO;
				SUPPORTS_MAC_DESIGNED_FOR_IPHONE_IPAD = NO;
				SWIFT_EMIT_LOC_STRINGS = YES;
				SWIFT_VERSION = 5.0;
				TARGETED_DEVICE_FAMILY = 1;
			};
			name = Release;
		};
/* End XCBuildConfiguration section */

/* Begin XCConfigurationList section */
		292F40782A83A748003F3A7F /* Build configuration list for PBXProject "FacebookFriends" */ = {
			isa = XCConfigurationList;
			buildConfigurations = (
				292F408F2A83A749003F3A7F /* Debug */,
				292F40902A83A749003F3A7F /* Release */,
			);
			defaultConfigurationIsVisible = 0;
			defaultConfigurationName = Release;
		};
		292F40912A83A749003F3A7F /* Build configuration list for PBXNativeTarget "FacebookFriends" */ = {
			isa = XCConfigurationList;
			buildConfigurations = (
				292F40922A83A749003F3A7F /* Debug */,
				292F40932A83A749003F3A7F /* Release */,
			);
			defaultConfigurationIsVisible = 0;
			defaultConfigurationName = Release;
		};
/* End XCConfigurationList section */
	};
	rootObject = 292F40752A83A748003F3A7F /* Project object */;
}
